// !$*UTF8*$!
{
	archiveVersion = 1;
	classes = {
	};
	objectVersion = 50;
	objects = {

/* Begin PBXBuildFile section */
		C85138EF26535A4C00A6EDD8 /* book_appApp.swift in Sources */ = {isa = PBXBuildFile; fileRef = C85138EE26535A4C00A6EDD8 /* book_appApp.swift */; };
		C85138F126535A4C00A6EDD8 /* LibraryView.swift in Sources */ = {isa = PBXBuildFile; fileRef = C85138F026535A4C00A6EDD8 /* LibraryView.swift */; };
		C85138F326535A5000A6EDD8 /* Assets.xcassets in Resources */ = {isa = PBXBuildFile; fileRef = C85138F226535A5000A6EDD8 /* Assets.xcassets */; };
		C85138F626535A5000A6EDD8 /* Preview Assets.xcassets in Resources */ = {isa = PBXBuildFile; fileRef = C85138F526535A5000A6EDD8 /* Preview Assets.xcassets */; };
		C85138FF26535A7A00A6EDD8 /* Data.json in Resources */ = {isa = PBXBuildFile; fileRef = C85138FE26535A7A00A6EDD8 /* Data.json */; };
		C851390926535ADA00A6EDD8 /* Book.swift in Sources */ = {isa = PBXBuildFile; fileRef = C851390826535ADA00A6EDD8 /* Book.swift */; };
		C87C0B092654470A00035560 /* ViewModel.swift in Sources */ = {isa = PBXBuildFile; fileRef = C87C0B082654470A00035560 /* ViewModel.swift */; };
		C88DB43F26544EE90037AAEE /* BookCoverView.swift in Sources */ = {isa = PBXBuildFile; fileRef = C88DB43E26544EE90037AAEE /* BookCoverView.swift */; };
		C88DB442265457420037AAEE /* Staging.swift in Sources */ = {isa = PBXBuildFile; fileRef = C88DB441265457420037AAEE /* Staging.swift */; };
		C8F86BE026547AD600339C46 /* PagesView.swift in Sources */ = {isa = PBXBuildFile; fileRef = C8F86BDF26547AD600339C46 /* PagesView.swift */; };
/* End PBXBuildFile section */

/* Begin PBXFileReference section */
		C85138EB26535A4C00A6EDD8 /* book-app.app */ = {isa = PBXFileReference; explicitFileType = wrapper.application; includeInIndex = 0; path = "book-app.app"; sourceTree = BUILT_PRODUCTS_DIR; };
		C85138EE26535A4C00A6EDD8 /* book_appApp.swift */ = {isa = PBXFileReference; lastKnownFileType = sourcecode.swift; path = book_appApp.swift; sourceTree = "<group>"; };
		C85138F026535A4C00A6EDD8 /* LibraryView.swift */ = {isa = PBXFileReference; lastKnownFileType = sourcecode.swift; path = LibraryView.swift; sourceTree = "<group>"; };
		C85138F226535A5000A6EDD8 /* Assets.xcassets */ = {isa = PBXFileReference; lastKnownFileType = folder.assetcatalog; path = Assets.xcassets; sourceTree = "<group>"; };
		C85138F526535A5000A6EDD8 /* Preview Assets.xcassets */ = {isa = PBXFileReference; lastKnownFileType = folder.assetcatalog; path = "Preview Assets.xcassets"; sourceTree = "<group>"; };
		C85138F726535A5000A6EDD8 /* Info.plist */ = {isa = PBXFileReference; lastKnownFileType = text.plist.xml; path = Info.plist; sourceTree = "<group>"; };
		C85138FE26535A7A00A6EDD8 /* Data.json */ = {isa = PBXFileReference; fileEncoding = 4; lastKnownFileType = text.json; path = Data.json; sourceTree = "<group>"; };
		C851390826535ADA00A6EDD8 /* Book.swift */ = {isa = PBXFileReference; lastKnownFileType = sourcecode.swift; path = Book.swift; sourceTree = "<group>"; };
		C87C0B082654470A00035560 /* ViewModel.swift */ = {isa = PBXFileReference; lastKnownFileType = sourcecode.swift; path = ViewModel.swift; sourceTree = "<group>"; };
		C88DB43E26544EE90037AAEE /* BookCoverView.swift */ = {isa = PBXFileReference; lastKnownFileType = sourcecode.swift; path = BookCoverView.swift; sourceTree = "<group>"; };
		C88DB441265457420037AAEE /* Staging.swift */ = {isa = PBXFileReference; lastKnownFileType = sourcecode.swift; path = Staging.swift; sourceTree = "<group>"; };
		C8F86BDF26547AD600339C46 /* PagesView.swift */ = {isa = PBXFileReference; lastKnownFileType = sourcecode.swift; path = PagesView.swift; sourceTree = "<group>"; };
/* End PBXFileReference section */

/* Begin PBXFrameworksBuildPhase section */
		C85138E826535A4C00A6EDD8 /* Frameworks */ = {
			isa = PBXFrameworksBuildPhase;
			buildActionMask = 2147483647;
			files = (
			);
			runOnlyForDeploymentPostprocessing = 0;
		};
/* End PBXFrameworksBuildPhase section */

/* Begin PBXGroup section */
		C85138E226535A4C00A6EDD8 = {
			isa = PBXGroup;
			children = (
				C85138ED26535A4C00A6EDD8 /* book-app */,
				C85138EC26535A4C00A6EDD8 /* Products */,
			);
			sourceTree = "<group>";
		};
		C85138EC26535A4C00A6EDD8 /* Products */ = {
			isa = PBXGroup;
			children = (
				C85138EB26535A4C00A6EDD8 /* book-app.app */,
			);
			name = Products;
			sourceTree = "<group>";
		};
		C85138ED26535A4C00A6EDD8 /* book-app */ = {
			isa = PBXGroup;
			children = (
				C85138EE26535A4C00A6EDD8 /* book_appApp.swift */,
				C851390026535A7E00A6EDD8 /* Views */,
				C851390126535A8300A6EDD8 /* ViewModels */,
				C851390326535A9600A6EDD8 /* Models */,
				C851390426535A9D00A6EDD8 /* Data */,
				C85138F226535A5000A6EDD8 /* Assets.xcassets */,
				C85138F726535A5000A6EDD8 /* Info.plist */,
				C85138F426535A5000A6EDD8 /* Preview Content */,
			);
			path = "book-app";
			sourceTree = "<group>";
		};
		C85138F426535A5000A6EDD8 /* Preview Content */ = {
			isa = PBXGroup;
			children = (
				C85138F526535A5000A6EDD8 /* Preview Assets.xcassets */,
			);
			path = "Preview Content";
			sourceTree = "<group>";
		};
		C851390026535A7E00A6EDD8 /* Views */ = {
			isa = PBXGroup;
			children = (
				C88DB43E26544EE90037AAEE /* BookCoverView.swift */,
				C85138F026535A4C00A6EDD8 /* LibraryView.swift */,
				C88DB441265457420037AAEE /* Staging.swift */,
				C8F86BDF26547AD600339C46 /* PagesView.swift */,
			);
			path = Views;
			sourceTree = "<group>";
		};
		C851390126535A8300A6EDD8 /* ViewModels */ = {
			isa = PBXGroup;
			children = (
				C87C0B082654470A00035560 /* ViewModel.swift */,
			);
			path = ViewModels;
			sourceTree = "<group>";
		};
		C851390326535A9600A6EDD8 /* Models */ = {
			isa = PBXGroup;
			children = (
				C851390826535ADA00A6EDD8 /* Book.swift */,
			);
			path = Models;
			sourceTree = "<group>";
		};
		C851390426535A9D00A6EDD8 /* Data */ = {
			isa = PBXGroup;
			children = (
				C85138FE26535A7A00A6EDD8 /* Data.json */,
			);
			path = Data;
			sourceTree = "<group>";
		};
/* End PBXGroup section */

/* Begin PBXNativeTarget section */
		C85138EA26535A4C00A6EDD8 /* book-app */ = {
			isa = PBXNativeTarget;
			buildConfigurationList = C85138FA26535A5000A6EDD8 /* Build configuration list for PBXNativeTarget "book-app" */;
			buildPhases = (
				C85138E726535A4C00A6EDD8 /* Sources */,
				C85138E826535A4C00A6EDD8 /* Frameworks */,
				C85138E926535A4C00A6EDD8 /* Resources */,
			);
			buildRules = (
			);
			dependencies = (
			);
			name = "book-app";
			productName = "book-app";
			productReference = C85138EB26535A4C00A6EDD8 /* book-app.app */;
			productType = "com.apple.product-type.application";
		};
/* End PBXNativeTarget section */

/* Begin PBXProject section */
		C85138E326535A4C00A6EDD8 /* Project object */ = {
			isa = PBXProject;
			attributes = {
				LastSwiftUpdateCheck = 1230;
				LastUpgradeCheck = 1230;
				TargetAttributes = {
					C85138EA26535A4C00A6EDD8 = {
						CreatedOnToolsVersion = 12.3;
					};
				};
			};
			buildConfigurationList = C85138E626535A4C00A6EDD8 /* Build configuration list for PBXProject "book-app" */;
			compatibilityVersion = "Xcode 9.3";
			developmentRegion = en;
			hasScannedForEncodings = 0;
			knownRegions = (
				en,
				Base,
			);
			mainGroup = C85138E226535A4C00A6EDD8;
			productRefGroup = C85138EC26535A4C00A6EDD8 /* Products */;
			projectDirPath = "";
			projectRoot = "";
			targets = (
				C85138EA26535A4C00A6EDD8 /* book-app */,
			);
		};
/* End PBXProject section */

/* Begin PBXResourcesBuildPhase section */
		C85138E926535A4C00A6EDD8 /* Resources */ = {
			isa = PBXResourcesBuildPhase;
			buildActionMask = 2147483647;
			files = (
				C85138F626535A5000A6EDD8 /* Preview Assets.xcassets in Resources */,
				C85138F326535A5000A6EDD8 /* Assets.xcassets in Resources */,
				C85138FF26535A7A00A6EDD8 /* Data.json in Resources */,
			);
			runOnlyForDeploymentPostprocessing = 0;
		};
/* End PBXResourcesBuildPhase section */

/* Begin PBXSourcesBuildPhase section */
		C85138E726535A4C00A6EDD8 /* Sources */ = {
			isa = PBXSourcesBuildPhase;
			buildActionMask = 2147483647;
			files = (
				C85138F126535A4C00A6EDD8 /* LibraryView.swift in Sources */,
				C88DB442265457420037AAEE /* Staging.swift in Sources */,
				C85138EF26535A4C00A6EDD8 /* book_appApp.swift in Sources */,
				C87C0B092654470A00035560 /* ViewModel.swift in Sources */,
				C88DB43F26544EE90037AAEE /* BookCoverView.swift in Sources */,
				C8F86BE026547AD600339C46 /* PagesView.swift in Sources */,
				C851390926535ADA00A6EDD8 /* Book.swift in Sources */,
			);
			runOnlyForDeploymentPostprocessing = 0;
		};
/* End PBXSourcesBuildPhase section */

/* Begin XCBuildConfiguration section */
		C85138F826535A5000A6EDD8 /* Debug */ = {
			isa = XCBuildConfiguration;
			buildSettings = {
				ALWAYS_SEARCH_USER_PATHS = NO;
				CLANG_ANALYZER_NONNULL = YES;
				CLANG_ANALYZER_NUMBER_OBJECT_CONVERSION = YES_AGGRESSIVE;
				CLANG_CXX_LANGUAGE_STANDARD = "gnu++14";
				CLANG_CXX_LIBRARY = "libc++";
				CLANG_ENABLE_MODULES = YES;
				CLANG_ENABLE_OBJC_ARC = YES;
				CLANG_ENABLE_OBJC_WEAK = YES;
				CLANG_WARN_BLOCK_CAPTURE_AUTORELEASING = YES;
				CLANG_WARN_BOOL_CONVERSION = YES;
				CLANG_WARN_COMMA = YES;
				CLANG_WARN_CONSTANT_CONVERSION = YES;
				CLANG_WARN_DEPRECATED_OBJC_IMPLEMENTATIONS = YES;
				CLANG_WARN_DIRECT_OBJC_ISA_USAGE = YES_ERROR;
				CLANG_WARN_DOCUMENTATION_COMMENTS = YES;
				CLANG_WARN_EMPTY_BODY = YES;
				CLANG_WARN_ENUM_CONVERSION = YES;
				CLANG_WARN_INFINITE_RECURSION = YES;
				CLANG_WARN_INT_CONVERSION = YES;
				CLANG_WARN_NON_LITERAL_NULL_CONVERSION = YES;
				CLANG_WARN_OBJC_IMPLICIT_RETAIN_SELF = YES;
				CLANG_WARN_OBJC_LITERAL_CONVERSION = YES;
				CLANG_WARN_OBJC_ROOT_CLASS = YES_ERROR;
				CLANG_WARN_QUOTED_INCLUDE_IN_FRAMEWORK_HEADER = YES;
				CLANG_WARN_RANGE_LOOP_ANALYSIS = YES;
				CLANG_WARN_STRICT_PROTOTYPES = YES;
				CLANG_WARN_SUSPICIOUS_MOVE = YES;
				CLANG_WARN_UNGUARDED_AVAILABILITY = YES_AGGRESSIVE;
				CLANG_WARN_UNREACHABLE_CODE = YES;
				CLANG_WARN__DUPLICATE_METHOD_MATCH = YES;
				COPY_PHASE_STRIP = NO;
				DEBUG_INFORMATION_FORMAT = dwarf;
				ENABLE_STRICT_OBJC_MSGSEND = YES;
				ENABLE_TESTABILITY = YES;
				GCC_C_LANGUAGE_STANDARD = gnu11;
				GCC_DYNAMIC_NO_PIC = NO;
				GCC_NO_COMMON_BLOCKS = YES;
				GCC_OPTIMIZATION_LEVEL = 0;
				GCC_PREPROCESSOR_DEFINITIONS = (
					"DEBUG=1",
					"$(inherited)",
				);
				GCC_WARN_64_TO_32_BIT_CONVERSION = YES;
				GCC_WARN_ABOUT_RETURN_TYPE = YES_ERROR;
				GCC_WARN_UNDECLARED_SELECTOR = YES;
				GCC_WARN_UNINITIALIZED_AUTOS = YES_AGGRESSIVE;
				GCC_WARN_UNUSED_FUNCTION = YES;
				GCC_WARN_UNUSED_VARIABLE = YES;
				IPHONEOS_DEPLOYMENT_TARGET = 14.3;
				MTL_ENABLE_DEBUG_INFO = INCLUDE_SOURCE;
				MTL_FAST_MATH = YES;
				ONLY_ACTIVE_ARCH = YES;
				SDKROOT = iphoneos;
				SWIFT_ACTIVE_COMPILATION_CONDITIONS = DEBUG;
				SWIFT_OPTIMIZATION_LEVEL = "-Onone";
			};
			name = Debug;
		};
		C85138F926535A5000A6EDD8 /* Release */ = {
			isa = XCBuildConfiguration;
			buildSettings = {
				ALWAYS_SEARCH_USER_PATHS = NO;
				CLANG_ANALYZER_NONNULL = YES;
				CLANG_ANALYZER_NUMBER_OBJECT_CONVERSION = YES_AGGRESSIVE;
				CLANG_CXX_LANGUAGE_STANDARD = "gnu++14";
				CLANG_CXX_LIBRARY = "libc++";
				CLANG_ENABLE_MODULES = YES;
				CLANG_ENABLE_OBJC_ARC = YES;
				CLANG_ENABLE_OBJC_WEAK = YES;
				CLANG_WARN_BLOCK_CAPTURE_AUTORELEASING = YES;
				CLANG_WARN_BOOL_CONVERSION = YES;
				CLANG_WARN_COMMA = YES;
				CLANG_WARN_CONSTANT_CONVERSION = YES;
				CLANG_WARN_DEPRECATED_OBJC_IMPLEMENTATIONS = YES;
				CLANG_WARN_DIRECT_OBJC_ISA_USAGE = YES_ERROR;
				CLANG_WARN_DOCUMENTATION_COMMENTS = YES;
				CLANG_WARN_EMPTY_BODY = YES;
				CLANG_WARN_ENUM_CONVERSION = YES;
				CLANG_WARN_INFINITE_RECURSION = YES;
				CLANG_WARN_INT_CONVERSION = YES;
				CLANG_WARN_NON_LITERAL_NULL_CONVERSION = YES;
				CLANG_WARN_OBJC_IMPLICIT_RETAIN_SELF = YES;
				CLANG_WARN_OBJC_LITERAL_CONVERSION = YES;
				CLANG_WARN_OBJC_ROOT_CLASS = YES_ERROR;
				CLANG_WARN_QUOTED_INCLUDE_IN_FRAMEWORK_HEADER = YES;
				CLANG_WARN_RANGE_LOOP_ANALYSIS = YES;
				CLANG_WARN_STRICT_PROTOTYPES = YES;
				CLANG_WARN_SUSPICIOUS_MOVE = YES;
				CLANG_WARN_UNGUARDED_AVAILABILITY = YES_AGGRESSIVE;
				CLANG_WARN_UNREACHABLE_CODE = YES;
				CLANG_WARN__DUPLICATE_METHOD_MATCH = YES;
				COPY_PHASE_STRIP = NO;
				DEBUG_INFORMATION_FORMAT = "dwarf-with-dsym";
				ENABLE_NS_ASSERTIONS = NO;
				ENABLE_STRICT_OBJC_MSGSEND = YES;
				GCC_C_LANGUAGE_STANDARD = gnu11;
				GCC_NO_COMMON_BLOCKS = YES;
				GCC_WARN_64_TO_32_BIT_CONVERSION = YES;
				GCC_WARN_ABOUT_RETURN_TYPE = YES_ERROR;
				GCC_WARN_UNDECLARED_SELECTOR = YES;
				GCC_WARN_UNINITIALIZED_AUTOS = YES_AGGRESSIVE;
				GCC_WARN_UNUSED_FUNCTION = YES;
				GCC_WARN_UNUSED_VARIABLE = YES;
				IPHONEOS_DEPLOYMENT_TARGET = 14.3;
				MTL_ENABLE_DEBUG_INFO = NO;
				MTL_FAST_MATH = YES;
				SDKROOT = iphoneos;
				SWIFT_COMPILATION_MODE = wholemodule;
				SWIFT_OPTIMIZATION_LEVEL = "-O";
				VALIDATE_PRODUCT = YES;
			};
			name = Release;
		};
		C85138FB26535A5000A6EDD8 /* Debug */ = {
			isa = XCBuildConfiguration;
			buildSettings = {
				ASSETCATALOG_COMPILER_APPICON_NAME = AppIcon;
				ASSETCATALOG_COMPILER_GLOBAL_ACCENT_COLOR_NAME = AccentColor;
				CODE_SIGN_STYLE = Automatic;
				DEVELOPMENT_ASSET_PATHS = "\"book-app/Preview Content\"";
				ENABLE_PREVIEWS = YES;
				INFOPLIST_FILE = "book-app/Info.plist";
				IPHONEOS_DEPLOYMENT_TARGET = 14.0;
				LD_RUNPATH_SEARCH_PATHS = (
					"$(inherited)",
					"@executable_path/Frameworks",
				);
				PRODUCT_BUNDLE_IDENTIFIER = "com.KyleJSh.book-app";
				PRODUCT_NAME = "$(TARGET_NAME)";
				SWIFT_VERSION = 5.0;
				TARGETED_DEVICE_FAMILY = "1,2";
			};
			name = Debug;
		};
		C85138FC26535A5000A6EDD8 /* Release */ = {
			isa = XCBuildConfiguration;
			buildSettings = {
				ASSETCATALOG_COMPILER_APPICON_NAME = AppIcon;
				ASSETCATALOG_COMPILER_GLOBAL_ACCENT_COLOR_NAME = AccentColor;
				CODE_SIGN_STYLE = Automatic;
				DEVELOPMENT_ASSET_PATHS = "\"book-app/Preview Content\"";
				ENABLE_PREVIEWS = YES;
				INFOPLIST_FILE = "book-app/Info.plist";
				IPHONEOS_DEPLOYMENT_TARGET = 14.0;
				LD_RUNPATH_SEARCH_PATHS = (
					"$(inherited)",
					"@executable_path/Frameworks",
				);
				PRODUCT_BUNDLE_IDENTIFIER = "com.KyleJSh.book-app";
				PRODUCT_NAME = "$(TARGET_NAME)";
				SWIFT_VERSION = 5.0;
				TARGETED_DEVICE_FAMILY = "1,2";
			};
			name = Release;
		};
/* End XCBuildConfiguration section */

/* Begin XCConfigurationList section */
		C85138E626535A4C00A6EDD8 /* Build configuration list for PBXProject "book-app" */ = {
			isa = XCConfigurationList;
			buildConfigurations = (
				C85138F826535A5000A6EDD8 /* Debug */,
				C85138F926535A5000A6EDD8 /* Release */,
			);
			defaultConfigurationIsVisible = 0;
			defaultConfigurationName = Release;
		};
		C85138FA26535A5000A6EDD8 /* Build configuration list for PBXNativeTarget "book-app" */ = {
			isa = XCConfigurationList;
			buildConfigurations = (
				C85138FB26535A5000A6EDD8 /* Debug */,
				C85138FC26535A5000A6EDD8 /* Release */,
			);
			defaultConfigurationIsVisible = 0;
			defaultConfigurationName = Release;
		};
/* End XCConfigurationList section */
	};
	rootObject = C85138E326535A4C00A6EDD8 /* Project object */;
}
